// !$*UTF8*$!
{
	archiveVersion = 1;
	classes = {
	};
	objectVersion = 46;
	objects = {

/* Begin PBXBuildFile section */
		15E8E502EC365C345262ECF9 /* Pods_CWIC.framework in Frameworks */ = {isa = PBXBuildFile; fileRef = 4DE1A0DF163321C957951F84 /* Pods_CWIC.framework */; };
		CD0F77071EFA77E20091BD0C /* UIColor.swift in Sources */ = {isa = PBXBuildFile; fileRef = CD0F77061EFA77E20091BD0C /* UIColor.swift */; };
		CD0F77111EFA78790091BD0C /* UIAlertController.swift in Sources */ = {isa = PBXBuildFile; fileRef = CD0F770A1EFA78790091BD0C /* UIAlertController.swift */; };
		CD0F77151EFA78790091BD0C /* UIViewController.swift in Sources */ = {isa = PBXBuildFile; fileRef = CD0F770E1EFA78790091BD0C /* UIViewController.swift */; };
		CD26DA91200C0C9500CDBED8 /* MainViewController.swift in Sources */ = {isa = PBXBuildFile; fileRef = CD26DA90200C0C9500CDBED8 /* MainViewController.swift */; };
		CD26DA95200C0CB800CDBED8 /* LoginViewController.swift in Sources */ = {isa = PBXBuildFile; fileRef = CD26DA93200C0CB800CDBED8 /* LoginViewController.swift */; };
		CD26DA97200C0CBF00CDBED8 /* UserCell.swift in Sources */ = {isa = PBXBuildFile; fileRef = CD26DA96200C0CBF00CDBED8 /* UserCell.swift */; };
		CD26DA9C200C0CF500CDBED8 /* ProfileHeaderViewController.swift in Sources */ = {isa = PBXBuildFile; fileRef = CD26DA9B200C0CF500CDBED8 /* ProfileHeaderViewController.swift */; };
		CD26DA9F200C0D1200CDBED8 /* Constants.swift in Sources */ = {isa = PBXBuildFile; fileRef = CD26DA9E200C0D1200CDBED8 /* Constants.swift */; };
		CD26DAA1200C0D5E00CDBED8 /* SRWebClient.swift in Sources */ = {isa = PBXBuildFile; fileRef = CD26DAA0200C0D5E00CDBED8 /* SRWebClient.swift */; };
		CD26DAA4200C0DE000CDBED8 /* ApiService.swift in Sources */ = {isa = PBXBuildFile; fileRef = CD26DAA3200C0DE000CDBED8 /* ApiService.swift */; };
		CD26DAA6200C0E0700CDBED8 /* UserService.swift in Sources */ = {isa = PBXBuildFile; fileRef = CD26DAA5200C0E0700CDBED8 /* UserService.swift */; };
		CD26DAA8200C0E0C00CDBED8 /* EventService.swift in Sources */ = {isa = PBXBuildFile; fileRef = CD26DAA7200C0E0C00CDBED8 /* EventService.swift */; };
		CD26DAAB200C10D700CDBED8 /* RegisterViewController.swift in Sources */ = {isa = PBXBuildFile; fileRef = CD26DAAA200C10D700CDBED8 /* RegisterViewController.swift */; };
		CD26DAAD200C140900CDBED8 /* UIView.swift in Sources */ = {isa = PBXBuildFile; fileRef = CD26DAAC200C140900CDBED8 /* UIView.swift */; };
		CD26DAB1200C16F100CDBED8 /* EventCell.swift in Sources */ = {isa = PBXBuildFile; fileRef = CD26DAB0200C16F100CDBED8 /* EventCell.swift */; };
		CD26DAB4200C1CFE00CDBED8 /* EventDetailViewController.swift in Sources */ = {isa = PBXBuildFile; fileRef = CD26DAB3200C1CFE00CDBED8 /* EventDetailViewController.swift */; };
		CD26DAB6200C1E7700CDBED8 /* SponsorService.swift in Sources */ = {isa = PBXBuildFile; fileRef = CD26DAB5200C1E7700CDBED8 /* SponsorService.swift */; };
		CD26DAB9200C1F8200CDBED8 /* SponsorCell.swift in Sources */ = {isa = PBXBuildFile; fileRef = CD26DAB8200C1F8200CDBED8 /* SponsorCell.swift */; };
		CD26DABB200C201700CDBED8 /* SponsorDetailViewController.swift in Sources */ = {isa = PBXBuildFile; fileRef = CD26DABA200C201700CDBED8 /* SponsorDetailViewController.swift */; };
		CD26DABE200C432C00CDBED8 /* AboutCwicViewController.swift in Sources */ = {isa = PBXBuildFile; fileRef = CD26DABD200C432C00CDBED8 /* AboutCwicViewController.swift */; };
		CD26DAC0200C5AD200CDBED8 /* ProfileFormViewController.swift in Sources */ = {isa = PBXBuildFile; fileRef = CD26DABF200C5AD200CDBED8 /* ProfileFormViewController.swift */; };
		CD26DAC2200C6D0D00CDBED8 /* TrophyListViewController.swift in Sources */ = {isa = PBXBuildFile; fileRef = CD26DAC1200C6D0D00CDBED8 /* TrophyListViewController.swift */; };
		CD26DAC5200C6D2E00CDBED8 /* Trophy.swift in Sources */ = {isa = PBXBuildFile; fileRef = CD26DAC4200C6D2E00CDBED8 /* Trophy.swift */; };
		CD5921BC1EF289950004B77B /* User.swift in Sources */ = {isa = PBXBuildFile; fileRef = CD5921BB1EF289950004B77B /* User.swift */; };
		CD5EF9B220113D7B001A9385 /* CommitteeMemberListViewController.swift in Sources */ = {isa = PBXBuildFile; fileRef = CD5EF9B120113D7B001A9385 /* CommitteeMemberListViewController.swift */; };
		CD6725201F0893BE00680250 /* LucidaGrandeRegular.ttf in Resources */ = {isa = PBXBuildFile; fileRef = CD67251F1F0893BE00680250 /* LucidaGrandeRegular.ttf */; };
		CD6725281F08951100680250 /* UIStoryboard.swift in Sources */ = {isa = PBXBuildFile; fileRef = CD6725271F08951100680250 /* UIStoryboard.swift */; };
		CD67252D1F08A7E000680250 /* UITableView.swift in Sources */ = {isa = PBXBuildFile; fileRef = CD67252C1F08A7E000680250 /* UITableView.swift */; };
		CD6725311F08ADF200680250 /* UINavigationController.swift in Sources */ = {isa = PBXBuildFile; fileRef = CD6725301F08ADF200680250 /* UINavigationController.swift */; };
		CD6725351F08BD1B00680250 /* UITabBarController.swift in Sources */ = {isa = PBXBuildFile; fileRef = CD6725341F08BD1B00680250 /* UITabBarController.swift */; };
		CD6FDB211EF1D66700C16CB5 /* SponsorListViewController.swift in Sources */ = {isa = PBXBuildFile; fileRef = CD6FDB201EF1D66700C16CB5 /* SponsorListViewController.swift */; };
		CD6FDB231EF1D67E00C16CB5 /* EventListViewController.swift in Sources */ = {isa = PBXBuildFile; fileRef = CD6FDB221EF1D67E00C16CB5 /* EventListViewController.swift */; };
		CD6FDB291EF1D6A900C16CB5 /* Sponsor.swift in Sources */ = {isa = PBXBuildFile; fileRef = CD6FDB281EF1D6A900C16CB5 /* Sponsor.swift */; };
		CD6FDB2B1EF1D6B400C16CB5 /* Event.swift in Sources */ = {isa = PBXBuildFile; fileRef = CD6FDB2A1EF1D6B400C16CB5 /* Event.swift */; };
		CDD3DB851FD85554009FB913 /* UIImageView.swift in Sources */ = {isa = PBXBuildFile; fileRef = CDD3DB841FD85553009FB913 /* UIImageView.swift */; };
		CDD3DB8E1FD86B16009FB913 /* Position.swift in Sources */ = {isa = PBXBuildFile; fileRef = CDD3DB8C1FD86B15009FB913 /* Position.swift */; };
		CDD3DB8F1FD86B16009FB913 /* PositionViewController.swift in Sources */ = {isa = PBXBuildFile; fileRef = CDD3DB8D1FD86B16009FB913 /* PositionViewController.swift */; };
		CDD3DB921FD86B20009FB913 /* Assets.xcassets in Resources */ = {isa = PBXBuildFile; fileRef = CDD3DB901FD86B20009FB913 /* Assets.xcassets */; };
		CDE508B21FF60E45005A91AA /* PrinterService.swift in Sources */ = {isa = PBXBuildFile; fileRef = CDE508B11FF60E45005A91AA /* PrinterService.swift */; };
		CDE508B41FF60E4C005A91AA /* AuthService.swift in Sources */ = {isa = PBXBuildFile; fileRef = CDE508B31FF60E4C005A91AA /* AuthService.swift */; };
		CDF3F9951EB08A5300305DF4 /* AppDelegate.swift in Sources */ = {isa = PBXBuildFile; fileRef = CDF3F9911EB08A5300305DF4 /* AppDelegate.swift */; };
		CDF3F99D1EB08A5C00305DF4 /* LaunchScreen.storyboard in Resources */ = {isa = PBXBuildFile; fileRef = CDF3F9991EB08A5C00305DF4 /* LaunchScreen.storyboard */; };
		CDF3F99E1EB08A5C00305DF4 /* Main.storyboard in Resources */ = {isa = PBXBuildFile; fileRef = CDF3F99B1EB08A5C00305DF4 /* Main.storyboard */; };
/* End PBXBuildFile section */

/* Begin PBXFileReference section */
		3EE6E575080A7D3FAAC06D3F /* Pods-CWIC.release.xcconfig */ = {isa = PBXFileReference; includeInIndex = 1; lastKnownFileType = text.xcconfig; name = "Pods-CWIC.release.xcconfig"; path = "Pods/Target Support Files/Pods-CWIC/Pods-CWIC.release.xcconfig"; sourceTree = "<group>"; };
		4DE1A0DF163321C957951F84 /* Pods_CWIC.framework */ = {isa = PBXFileReference; explicitFileType = wrapper.framework; includeInIndex = 0; path = Pods_CWIC.framework; sourceTree = BUILT_PRODUCTS_DIR; };
		CD0F77061EFA77E20091BD0C /* UIColor.swift */ = {isa = PBXFileReference; fileEncoding = 4; lastKnownFileType = sourcecode.swift; name = UIColor.swift; path = Source/UIColor.swift; sourceTree = SOURCE_ROOT; };
		CD0F770A1EFA78790091BD0C /* UIAlertController.swift */ = {isa = PBXFileReference; fileEncoding = 4; lastKnownFileType = sourcecode.swift; name = UIAlertController.swift; path = Source/UIAlertController.swift; sourceTree = SOURCE_ROOT; };
		CD0F770E1EFA78790091BD0C /* UIViewController.swift */ = {isa = PBXFileReference; fileEncoding = 4; lastKnownFileType = sourcecode.swift; name = UIViewController.swift; path = Source/UIViewController.swift; sourceTree = SOURCE_ROOT; };
		CD1D70F11EB088BE007C80CE /* CWIC.app */ = {isa = PBXFileReference; explicitFileType = wrapper.application; includeInIndex = 0; path = CWIC.app; sourceTree = BUILT_PRODUCTS_DIR; };
		CD26DA90200C0C9500CDBED8 /* MainViewController.swift */ = {isa = PBXFileReference; fileEncoding = 4; lastKnownFileType = sourcecode.swift; path = MainViewController.swift; sourceTree = "<group>"; };
		CD26DA93200C0CB800CDBED8 /* LoginViewController.swift */ = {isa = PBXFileReference; fileEncoding = 4; lastKnownFileType = sourcecode.swift; path = LoginViewController.swift; sourceTree = "<group>"; };
		CD26DA96200C0CBF00CDBED8 /* UserCell.swift */ = {isa = PBXFileReference; fileEncoding = 4; lastKnownFileType = sourcecode.swift; path = UserCell.swift; sourceTree = "<group>"; };
		CD26DA9B200C0CF500CDBED8 /* ProfileHeaderViewController.swift */ = {isa = PBXFileReference; fileEncoding = 4; lastKnownFileType = sourcecode.swift; path = ProfileHeaderViewController.swift; sourceTree = "<group>"; };
		CD26DA9E200C0D1200CDBED8 /* Constants.swift */ = {isa = PBXFileReference; fileEncoding = 4; lastKnownFileType = sourcecode.swift; path = Constants.swift; sourceTree = "<group>"; };
		CD26DAA0200C0D5E00CDBED8 /* SRWebClient.swift */ = {isa = PBXFileReference; fileEncoding = 4; lastKnownFileType = sourcecode.swift; path = SRWebClient.swift; sourceTree = "<group>"; };
		CD26DAA3200C0DE000CDBED8 /* ApiService.swift */ = {isa = PBXFileReference; fileEncoding = 4; lastKnownFileType = sourcecode.swift; path = ApiService.swift; sourceTree = "<group>"; };
		CD26DAA5200C0E0700CDBED8 /* UserService.swift */ = {isa = PBXFileReference; fileEncoding = 4; lastKnownFileType = sourcecode.swift; path = UserService.swift; sourceTree = "<group>"; };
		CD26DAA7200C0E0C00CDBED8 /* EventService.swift */ = {isa = PBXFileReference; fileEncoding = 4; lastKnownFileType = sourcecode.swift; path = EventService.swift; sourceTree = "<group>"; };
		CD26DAAA200C10D700CDBED8 /* RegisterViewController.swift */ = {isa = PBXFileReference; fileEncoding = 4; lastKnownFileType = sourcecode.swift; name = RegisterViewController.swift; path = "../../conqube-ios/conqube/RegisterViewController.swift"; sourceTree = "<group>"; };
		CD26DAAC200C140900CDBED8 /* UIView.swift */ = {isa = PBXFileReference; fileEncoding = 4; lastKnownFileType = sourcecode.swift; path = UIView.swift; sourceTree = "<group>"; };
		CD26DAB0200C16F100CDBED8 /* EventCell.swift */ = {isa = PBXFileReference; fileEncoding = 4; lastKnownFileType = sourcecode.swift; path = EventCell.swift; sourceTree = "<group>"; };
		CD26DAB3200C1CFE00CDBED8 /* EventDetailViewController.swift */ = {isa = PBXFileReference; fileEncoding = 4; lastKnownFileType = sourcecode.swift; path = EventDetailViewController.swift; sourceTree = "<group>"; };
		CD26DAB5200C1E7700CDBED8 /* SponsorService.swift */ = {isa = PBXFileReference; lastKnownFileType = sourcecode.swift; path = SponsorService.swift; sourceTree = "<group>"; };
		CD26DAB8200C1F8200CDBED8 /* SponsorCell.swift */ = {isa = PBXFileReference; lastKnownFileType = sourcecode.swift; path = SponsorCell.swift; sourceTree = "<group>"; };
		CD26DABA200C201700CDBED8 /* SponsorDetailViewController.swift */ = {isa = PBXFileReference; lastKnownFileType = sourcecode.swift; path = SponsorDetailViewController.swift; sourceTree = "<group>"; };
		CD26DABD200C432C00CDBED8 /* AboutCwicViewController.swift */ = {isa = PBXFileReference; lastKnownFileType = sourcecode.swift; path = AboutCwicViewController.swift; sourceTree = "<group>"; };
		CD26DABF200C5AD200CDBED8 /* ProfileFormViewController.swift */ = {isa = PBXFileReference; lastKnownFileType = sourcecode.swift; path = ProfileFormViewController.swift; sourceTree = "<group>"; };
		CD26DAC1200C6D0D00CDBED8 /* TrophyListViewController.swift */ = {isa = PBXFileReference; lastKnownFileType = sourcecode.swift; path = TrophyListViewController.swift; sourceTree = "<group>"; };
		CD26DAC4200C6D2E00CDBED8 /* Trophy.swift */ = {isa = PBXFileReference; lastKnownFileType = sourcecode.swift; path = Trophy.swift; sourceTree = "<group>"; };
		CD5921BB1EF289950004B77B /* User.swift */ = {isa = PBXFileReference; fileEncoding = 4; lastKnownFileType = sourcecode.swift; name = User.swift; path = Source/User.swift; sourceTree = SOURCE_ROOT; };
		CD5EF9B120113D7B001A9385 /* CommitteeMemberListViewController.swift */ = {isa = PBXFileReference; lastKnownFileType = sourcecode.swift; path = CommitteeMemberListViewController.swift; sourceTree = "<group>"; };
		CD67251F1F0893BE00680250 /* LucidaGrandeRegular.ttf */ = {isa = PBXFileReference; lastKnownFileType = file; name = LucidaGrandeRegular.ttf; path = Source/LucidaGrandeRegular.ttf; sourceTree = SOURCE_ROOT; };
		CD6725271F08951100680250 /* UIStoryboard.swift */ = {isa = PBXFileReference; fileEncoding = 4; lastKnownFileType = sourcecode.swift; name = UIStoryboard.swift; path = Source/UIStoryboard.swift; sourceTree = SOURCE_ROOT; };
		CD67252C1F08A7E000680250 /* UITableView.swift */ = {isa = PBXFileReference; fileEncoding = 4; lastKnownFileType = sourcecode.swift; name = UITableView.swift; path = Source/UITableView.swift; sourceTree = SOURCE_ROOT; };
		CD6725301F08ADF200680250 /* UINavigationController.swift */ = {isa = PBXFileReference; fileEncoding = 4; lastKnownFileType = sourcecode.swift; name = UINavigationController.swift; path = Source/UINavigationController.swift; sourceTree = SOURCE_ROOT; };
		CD6725341F08BD1B00680250 /* UITabBarController.swift */ = {isa = PBXFileReference; fileEncoding = 4; lastKnownFileType = sourcecode.swift; name = UITabBarController.swift; path = Source/UITabBarController.swift; sourceTree = SOURCE_ROOT; };
		CD6FDB201EF1D66700C16CB5 /* SponsorListViewController.swift */ = {isa = PBXFileReference; fileEncoding = 4; lastKnownFileType = sourcecode.swift; name = SponsorListViewController.swift; path = Source/SponsorListViewController.swift; sourceTree = SOURCE_ROOT; };
		CD6FDB221EF1D67E00C16CB5 /* EventListViewController.swift */ = {isa = PBXFileReference; fileEncoding = 4; lastKnownFileType = sourcecode.swift; name = EventListViewController.swift; path = Source/EventListViewController.swift; sourceTree = SOURCE_ROOT; };
		CD6FDB281EF1D6A900C16CB5 /* Sponsor.swift */ = {isa = PBXFileReference; fileEncoding = 4; lastKnownFileType = sourcecode.swift; name = Sponsor.swift; path = Source/Sponsor.swift; sourceTree = SOURCE_ROOT; };
		CD6FDB2A1EF1D6B400C16CB5 /* Event.swift */ = {isa = PBXFileReference; fileEncoding = 4; lastKnownFileType = sourcecode.swift; name = Event.swift; path = Source/Event.swift; sourceTree = SOURCE_ROOT; };
		CDD3DB841FD85553009FB913 /* UIImageView.swift */ = {isa = PBXFileReference; fileEncoding = 4; lastKnownFileType = sourcecode.swift; name = UIImageView.swift; path = Source/UIImageView.swift; sourceTree = SOURCE_ROOT; };
		CDD3DB8C1FD86B15009FB913 /* Position.swift */ = {isa = PBXFileReference; fileEncoding = 4; lastKnownFileType = sourcecode.swift; name = Position.swift; path = Source/Position.swift; sourceTree = SOURCE_ROOT; };
		CDD3DB8D1FD86B16009FB913 /* PositionViewController.swift */ = {isa = PBXFileReference; fileEncoding = 4; lastKnownFileType = sourcecode.swift; name = PositionViewController.swift; path = Source/PositionViewController.swift; sourceTree = SOURCE_ROOT; };
		CDD3DB901FD86B20009FB913 /* Assets.xcassets */ = {isa = PBXFileReference; lastKnownFileType = folder.assetcatalog; name = Assets.xcassets; path = Source/Assets.xcassets; sourceTree = SOURCE_ROOT; };
		CDE508B11FF60E45005A91AA /* PrinterService.swift */ = {isa = PBXFileReference; lastKnownFileType = sourcecode.swift; path = PrinterService.swift; sourceTree = "<group>"; };
		CDE508B31FF60E4C005A91AA /* AuthService.swift */ = {isa = PBXFileReference; lastKnownFileType = sourcecode.swift; path = AuthService.swift; sourceTree = "<group>"; };
		CDF3F9911EB08A5300305DF4 /* AppDelegate.swift */ = {isa = PBXFileReference; fileEncoding = 4; lastKnownFileType = sourcecode.swift; name = AppDelegate.swift; path = Source/AppDelegate.swift; sourceTree = SOURCE_ROOT; };
		CDF3F9931EB08A5300305DF4 /* Info.plist */ = {isa = PBXFileReference; fileEncoding = 4; lastKnownFileType = text.plist.xml; name = Info.plist; path = Source/Info.plist; sourceTree = SOURCE_ROOT; };
		CDF3F99A1EB08A5C00305DF4 /* Base */ = {isa = PBXFileReference; lastKnownFileType = file.storyboard; name = Base; path = Source/Base.lproj/LaunchScreen.storyboard; sourceTree = SOURCE_ROOT; };
		CDF3F99C1EB08A5C00305DF4 /* Base */ = {isa = PBXFileReference; lastKnownFileType = file.storyboard; name = Base; path = Source/Base.lproj/Main.storyboard; sourceTree = SOURCE_ROOT; };
		EC4BF18FAED25E763A1DEC36 /* Pods-CWIC.debug.xcconfig */ = {isa = PBXFileReference; includeInIndex = 1; lastKnownFileType = text.xcconfig; name = "Pods-CWIC.debug.xcconfig"; path = "Pods/Target Support Files/Pods-CWIC/Pods-CWIC.debug.xcconfig"; sourceTree = "<group>"; };
/* End PBXFileReference section */

/* Begin PBXFrameworksBuildPhase section */
		CD1D70EE1EB088BE007C80CE /* Frameworks */ = {
			isa = PBXFrameworksBuildPhase;
			buildActionMask = 2147483647;
			files = (
				15E8E502EC365C345262ECF9 /* Pods_CWIC.framework in Frameworks */,
			);
			runOnlyForDeploymentPostprocessing = 0;
		};
/* End PBXFrameworksBuildPhase section */

/* Begin PBXGroup section */
		0EC4444F072D83B7B62C6B1A /* Pods */ = {
			isa = PBXGroup;
			children = (
				EC4BF18FAED25E763A1DEC36 /* Pods-CWIC.debug.xcconfig */,
				3EE6E575080A7D3FAAC06D3F /* Pods-CWIC.release.xcconfig */,
			);
			name = Pods;
			sourceTree = "<group>";
		};
		45A03D098B4A98069DECD4E5 /* Frameworks */ = {
			isa = PBXGroup;
			children = (
				4DE1A0DF163321C957951F84 /* Pods_CWIC.framework */,
			);
			name = Frameworks;
			sourceTree = "<group>";
		};
		CD0F77031EFA77AE0091BD0C /* Extension */ = {
			isa = PBXGroup;
			children = (
				CD26DAA0200C0D5E00CDBED8 /* SRWebClient.swift */,
				CD26DAAC200C140900CDBED8 /* UIView.swift */,
				CD0F770A1EFA78790091BD0C /* UIAlertController.swift */,
				CDD3DB841FD85553009FB913 /* UIImageView.swift */,
				CD0F770E1EFA78790091BD0C /* UIViewController.swift */,
				CD0F77061EFA77E20091BD0C /* UIColor.swift */,
				CD6725301F08ADF200680250 /* UINavigationController.swift */,
				CD6725271F08951100680250 /* UIStoryboard.swift */,
				CD67252C1F08A7E000680250 /* UITableView.swift */,
				CD6725341F08BD1B00680250 /* UITabBarController.swift */,
			);
			name = Extension;
			sourceTree = "<group>";
		};
		CD1D70E81EB088BE007C80CE = {
			isa = PBXGroup;
			children = (
				CD1D70F31EB088BE007C80CE /* Source */,
				CD1D70F21EB088BE007C80CE /* Products */,
				0EC4444F072D83B7B62C6B1A /* Pods */,
				45A03D098B4A98069DECD4E5 /* Frameworks */,
			);
			sourceTree = "<group>";
		};
		CD1D70F21EB088BE007C80CE /* Products */ = {
			isa = PBXGroup;
			children = (
				CD1D70F11EB088BE007C80CE /* CWIC.app */,
			);
			name = Products;
			sourceTree = "<group>";
		};
		CD1D70F31EB088BE007C80CE /* Source */ = {
			isa = PBXGroup;
			children = (
				CDF3F9911EB08A5300305DF4 /* AppDelegate.swift */,
				CD26DA9E200C0D1200CDBED8 /* Constants.swift */,
				CD26DA90200C0C9500CDBED8 /* MainViewController.swift */,
				CDF3F99B1EB08A5C00305DF4 /* Main.storyboard */,
				CD26DAC6200C6D4D00CDBED8 /* About */,
				CD6FDB181EF1D21D00C16CB5 /* Event */,
				CDD3DB8A1FD86A69009FB913 /* Position */,
				CD26DAA2200C0D7400CDBED8 /* Service */,
				CD6FDB191EF1D23000C16CB5 /* Sponsor */,
				CD26DAC3200C6D2200CDBED8 /* Trophy */,
				CD5921B81EF2894C0004B77B /* User */,
				CD0F77031EFA77AE0091BD0C /* Extension */,
				CD67252B1F08972100680250 /* Supporting Files */,
			);
			path = Source;
			sourceTree = "<group>";
		};
		CD26DA98200C0CC600CDBED8 /* Login / Registration */ = {
			isa = PBXGroup;
			children = (
				CD26DA93200C0CB800CDBED8 /* LoginViewController.swift */,
				CD26DAAA200C10D700CDBED8 /* RegisterViewController.swift */,
			);
			name = "Login / Registration";
			sourceTree = "<group>";
		};
		CD26DA9A200C0CEF00CDBED8 /* Profile */ = {
			isa = PBXGroup;
			children = (
				CD26DA9B200C0CF500CDBED8 /* ProfileHeaderViewController.swift */,
				CD26DABF200C5AD200CDBED8 /* ProfileFormViewController.swift */,
			);
			name = Profile;
			sourceTree = "<group>";
		};
		CD26DAA2200C0D7400CDBED8 /* Service */ = {
			isa = PBXGroup;
			children = (
				CD26DAA3200C0DE000CDBED8 /* ApiService.swift */,
				CDE508B31FF60E4C005A91AA /* AuthService.swift */,
				CD26DAA7200C0E0C00CDBED8 /* EventService.swift */,
				CDE508B11FF60E45005A91AA /* PrinterService.swift */,
				CD26DAB5200C1E7700CDBED8 /* SponsorService.swift */,
				CD26DAA5200C0E0700CDBED8 /* UserService.swift */,
			);
			name = Service;
			sourceTree = "<group>";
		};
		CD26DAA9200C0E1700CDBED8 /* List */ = {
			isa = PBXGroup;
			children = (
				CD6FDB221EF1D67E00C16CB5 /* EventListViewController.swift */,
			);
			name = List;
			sourceTree = "<group>";
		};
		CD26DAB2200C1CF000CDBED8 /* Detail */ = {
			isa = PBXGroup;
			children = (
				CD26DAB3200C1CFE00CDBED8 /* EventDetailViewController.swift */,
			);
			name = Detail;
			sourceTree = "<group>";
		};
		CD26DAB7200C1ECD00CDBED8 /* List */ = {
			isa = PBXGroup;
			children = (
				CD6FDB201EF1D66700C16CB5 /* SponsorListViewController.swift */,
			);
			name = List;
			sourceTree = "<group>";
		};
		CD26DABC200C201B00CDBED8 /* Detail */ = {
			isa = PBXGroup;
			children = (
				CD26DABA200C201700CDBED8 /* SponsorDetailViewController.swift */,
			);
			name = Detail;
			sourceTree = "<group>";
		};
		CD26DAC3200C6D2200CDBED8 /* Trophy */ = {
			isa = PBXGroup;
			children = (
				CD26DAC4200C6D2E00CDBED8 /* Trophy.swift */,
				CD26DAC1200C6D0D00CDBED8 /* TrophyListViewController.swift */,
			);
			name = Trophy;
			sourceTree = "<group>";
		};
		CD26DAC6200C6D4D00CDBED8 /* About */ = {
			isa = PBXGroup;
			children = (
				CD26DABD200C432C00CDBED8 /* AboutCwicViewController.swift */,
			);
			name = About;
			sourceTree = "<group>";
		};
		CD5921B81EF2894C0004B77B /* User */ = {
			isa = PBXGroup;
			children = (
				CD5921BB1EF289950004B77B /* User.swift */,
				CD26DA96200C0CBF00CDBED8 /* UserCell.swift */,
				CD26DA98200C0CC600CDBED8 /* Login / Registration */,
				CD26DA9A200C0CEF00CDBED8 /* Profile */,
				CD5EF9B120113D7B001A9385 /* CommitteeMemberListViewController.swift */,
			);
			name = User;
			sourceTree = "<group>";
		};
		CD67252B1F08972100680250 /* Supporting Files */ = {
			isa = PBXGroup;
			children = (
				CDD3DB901FD86B20009FB913 /* Assets.xcassets */,
				CD67251F1F0893BE00680250 /* LucidaGrandeRegular.ttf */,
				CDF3F9991EB08A5C00305DF4 /* LaunchScreen.storyboard */,
				CDF3F9931EB08A5300305DF4 /* Info.plist */,
			);
			name = "Supporting Files";
			sourceTree = "<group>";
		};
		CD6FDB181EF1D21D00C16CB5 /* Event */ = {
			isa = PBXGroup;
			children = (
				CD6FDB2A1EF1D6B400C16CB5 /* Event.swift */,
				CD26DAB0200C16F100CDBED8 /* EventCell.swift */,
				CD26DAB2200C1CF000CDBED8 /* Detail */,
				CD26DAA9200C0E1700CDBED8 /* List */,
			);
			name = Event;
			sourceTree = "<group>";
		};
		CD6FDB191EF1D23000C16CB5 /* Sponsor */ = {
			isa = PBXGroup;
			children = (
				CD6FDB281EF1D6A900C16CB5 /* Sponsor.swift */,
				CD26DAB8200C1F8200CDBED8 /* SponsorCell.swift */,
				CD26DABC200C201B00CDBED8 /* Detail */,
				CD26DAB7200C1ECD00CDBED8 /* List */,
			);
			name = Sponsor;
			sourceTree = "<group>";
		};
		CDD3DB8A1FD86A69009FB913 /* Position */ = {
			isa = PBXGroup;
			children = (
				CDD3DB8C1FD86B15009FB913 /* Position.swift */,
				CDD3DB8D1FD86B16009FB913 /* PositionViewController.swift */,
			);
			name = Position;
			sourceTree = "<group>";
		};
/* End PBXGroup section */

/* Begin PBXNativeTarget section */
		CD1D70F01EB088BE007C80CE /* CWIC */ = {
			isa = PBXNativeTarget;
			buildConfigurationList = CD1D71031EB088BE007C80CE /* Build configuration list for PBXNativeTarget "CWIC" */;
			buildPhases = (
				D2B15F7906025BDF2C5C1A1A /* [CP] Check Pods Manifest.lock */,
				CD1D70ED1EB088BE007C80CE /* Sources */,
				CD1D70EE1EB088BE007C80CE /* Frameworks */,
				CD1D70EF1EB088BE007C80CE /* Resources */,
				978C9B183943C0B76431F80B /* [CP] Embed Pods Frameworks */,
				D0873BF8AA4846E17B442F28 /* [CP] Copy Pods Resources */,
			);
			buildRules = (
			);
			dependencies = (
			);
			name = CWIC;
			productName = CWIC;
			productReference = CD1D70F11EB088BE007C80CE /* CWIC.app */;
			productType = "com.apple.product-type.application";
		};
/* End PBXNativeTarget section */

/* Begin PBXProject section */
		CD1D70E91EB088BE007C80CE /* Project object */ = {
			isa = PBXProject;
			attributes = {
				LastSwiftUpdateCheck = 0830;
				LastUpgradeCheck = 0920;
				ORGANIZATIONNAME = "Síocháin Solutions";
				TargetAttributes = {
					CD1D70F01EB088BE007C80CE = {
						CreatedOnToolsVersion = 8.3.2;
						DevelopmentTeam = EFZ729EF85;
						LastSwiftMigration = 0920;
						ProvisioningStyle = Automatic;
					};
				};
			};
			buildConfigurationList = CD1D70EC1EB088BE007C80CE /* Build configuration list for PBXProject "cwic" */;
			compatibilityVersion = "Xcode 3.2";
			developmentRegion = English;
			hasScannedForEncodings = 0;
			knownRegions = (
				en,
				Base,
			);
			mainGroup = CD1D70E81EB088BE007C80CE;
			productRefGroup = CD1D70F21EB088BE007C80CE /* Products */;
			projectDirPath = "";
			projectRoot = "";
			targets = (
				CD1D70F01EB088BE007C80CE /* CWIC */,
			);
		};
/* End PBXProject section */

/* Begin PBXResourcesBuildPhase section */
		CD1D70EF1EB088BE007C80CE /* Resources */ = {
			isa = PBXResourcesBuildPhase;
			buildActionMask = 2147483647;
			files = (
				CDF3F99D1EB08A5C00305DF4 /* LaunchScreen.storyboard in Resources */,
				CD6725201F0893BE00680250 /* LucidaGrandeRegular.ttf in Resources */,
				CDF3F99E1EB08A5C00305DF4 /* Main.storyboard in Resources */,
				CDD3DB921FD86B20009FB913 /* Assets.xcassets in Resources */,
			);
			runOnlyForDeploymentPostprocessing = 0;
		};
/* End PBXResourcesBuildPhase section */

/* Begin PBXShellScriptBuildPhase section */
		978C9B183943C0B76431F80B /* [CP] Embed Pods Frameworks */ = {
			isa = PBXShellScriptBuildPhase;
			buildActionMask = 2147483647;
			files = (
			);
			inputPaths = (
				"${SRCROOT}/Pods/Target Support Files/Pods-CWIC/Pods-CWIC-frameworks.sh",
				"${BUILT_PRODUCTS_DIR}/Eureka/Eureka.framework",
				"${BUILT_PRODUCTS_DIR}/GoogleToolboxForMac/GoogleToolboxForMac.framework",
				"${BUILT_PRODUCTS_DIR}/MBProgressHUD/MBProgressHUD.framework",
				"${BUILT_PRODUCTS_DIR}/Protobuf/Protobuf.framework",
				"${BUILT_PRODUCTS_DIR}/SJSegmentedScrollView/SJSegmentedScrollView.framework",
				"${BUILT_PRODUCTS_DIR}/SlideMenuControllerSwift/SlideMenuControllerSwift.framework",
				"${BUILT_PRODUCTS_DIR}/Toaster/Toaster.framework",
				"${BUILT_PRODUCTS_DIR}/nanopb/nanopb.framework",
			);
			name = "[CP] Embed Pods Frameworks";
			outputPaths = (
				"${TARGET_BUILD_DIR}/${FRAMEWORKS_FOLDER_PATH}/Eureka.framework",
				"${TARGET_BUILD_DIR}/${FRAMEWORKS_FOLDER_PATH}/GoogleToolboxForMac.framework",
				"${TARGET_BUILD_DIR}/${FRAMEWORKS_FOLDER_PATH}/MBProgressHUD.framework",
				"${TARGET_BUILD_DIR}/${FRAMEWORKS_FOLDER_PATH}/Protobuf.framework",
				"${TARGET_BUILD_DIR}/${FRAMEWORKS_FOLDER_PATH}/SJSegmentedScrollView.framework",
				"${TARGET_BUILD_DIR}/${FRAMEWORKS_FOLDER_PATH}/SlideMenuControllerSwift.framework",
				"${TARGET_BUILD_DIR}/${FRAMEWORKS_FOLDER_PATH}/Toaster.framework",
				"${TARGET_BUILD_DIR}/${FRAMEWORKS_FOLDER_PATH}/nanopb.framework",
			);
			runOnlyForDeploymentPostprocessing = 0;
			shellPath = /bin/sh;
			shellScript = "\"${SRCROOT}/Pods/Target Support Files/Pods-CWIC/Pods-CWIC-frameworks.sh\"\n";
			showEnvVarsInLog = 0;
		};
		D0873BF8AA4846E17B442F28 /* [CP] Copy Pods Resources */ = {
			isa = PBXShellScriptBuildPhase;
			buildActionMask = 2147483647;
			files = (
			);
			inputPaths = (
			);
			name = "[CP] Copy Pods Resources";
			outputPaths = (
			);
			runOnlyForDeploymentPostprocessing = 0;
			shellPath = /bin/sh;
			shellScript = "\"${SRCROOT}/Pods/Target Support Files/Pods-CWIC/Pods-CWIC-resources.sh\"\n";
			showEnvVarsInLog = 0;
		};
		D2B15F7906025BDF2C5C1A1A /* [CP] Check Pods Manifest.lock */ = {
			isa = PBXShellScriptBuildPhase;
			buildActionMask = 2147483647;
			files = (
			);
			inputPaths = (
				"${PODS_PODFILE_DIR_PATH}/Podfile.lock",
				"${PODS_ROOT}/Manifest.lock",
			);
			name = "[CP] Check Pods Manifest.lock";
			outputPaths = (
				"$(DERIVED_FILE_DIR)/Pods-CWIC-checkManifestLockResult.txt",
			);
			runOnlyForDeploymentPostprocessing = 0;
			shellPath = /bin/sh;
			shellScript = "diff \"${PODS_PODFILE_DIR_PATH}/Podfile.lock\" \"${PODS_ROOT}/Manifest.lock\" > /dev/null\nif [ $? != 0 ] ; then\n    # print error to STDERR\n    echo \"error: The sandbox is not in sync with the Podfile.lock. Run 'pod install' or update your CocoaPods installation.\" >&2\n    exit 1\nfi\n# This output is used by Xcode 'outputs' to avoid re-running this script phase.\necho \"SUCCESS\" > \"${SCRIPT_OUTPUT_FILE_0}\"\n";
			showEnvVarsInLog = 0;
		};
/* End PBXShellScriptBuildPhase section */

/* Begin PBXSourcesBuildPhase section */
		CD1D70ED1EB088BE007C80CE /* Sources */ = {
			isa = PBXSourcesBuildPhase;
			buildActionMask = 2147483647;
			files = (
				CD26DA95200C0CB800CDBED8 /* LoginViewController.swift in Sources */,
				CD6FDB211EF1D66700C16CB5 /* SponsorListViewController.swift in Sources */,
				CD6FDB2B1EF1D6B400C16CB5 /* Event.swift in Sources */,
				CD26DA9F200C0D1200CDBED8 /* Constants.swift in Sources */,
				CD26DAA8200C0E0C00CDBED8 /* EventService.swift in Sources */,
				CD0F77111EFA78790091BD0C /* UIAlertController.swift in Sources */,
				CD26DAA1200C0D5E00CDBED8 /* SRWebClient.swift in Sources */,
				CD26DAB6200C1E7700CDBED8 /* SponsorService.swift in Sources */,
				CD26DABE200C432C00CDBED8 /* AboutCwicViewController.swift in Sources */,
				CD6FDB291EF1D6A900C16CB5 /* Sponsor.swift in Sources */,
				CD0F77071EFA77E20091BD0C /* UIColor.swift in Sources */,
				CD6725281F08951100680250 /* UIStoryboard.swift in Sources */,
				CD5EF9B220113D7B001A9385 /* CommitteeMemberListViewController.swift in Sources */,
				CD26DAB9200C1F8200CDBED8 /* SponsorCell.swift in Sources */,
				CD67252D1F08A7E000680250 /* UITableView.swift in Sources */,
				CD26DABB200C201700CDBED8 /* SponsorDetailViewController.swift in Sources */,
				CD26DAC0200C5AD200CDBED8 /* ProfileFormViewController.swift in Sources */,
				CD26DAAD200C140900CDBED8 /* UIView.swift in Sources */,
				CD26DAA6200C0E0700CDBED8 /* UserService.swift in Sources */,
				CD0F77151EFA78790091BD0C /* UIViewController.swift in Sources */,
				CD26DAC2200C6D0D00CDBED8 /* TrophyListViewController.swift in Sources */,
				CD6725351F08BD1B00680250 /* UITabBarController.swift in Sources */,
				CD26DA91200C0C9500CDBED8 /* MainViewController.swift in Sources */,
				CDD3DB8E1FD86B16009FB913 /* Position.swift in Sources */,
				CD26DAC5200C6D2E00CDBED8 /* Trophy.swift in Sources */,
				CDE508B41FF60E4C005A91AA /* AuthService.swift in Sources */,
				CD6725311F08ADF200680250 /* UINavigationController.swift in Sources */,
				CDF3F9951EB08A5300305DF4 /* AppDelegate.swift in Sources */,
				CD26DAB4200C1CFE00CDBED8 /* EventDetailViewController.swift in Sources */,
				CD26DA97200C0CBF00CDBED8 /* UserCell.swift in Sources */,
				CDD3DB8F1FD86B16009FB913 /* PositionViewController.swift in Sources */,
				CDD3DB851FD85554009FB913 /* UIImageView.swift in Sources */,
				CD6FDB231EF1D67E00C16CB5 /* EventListViewController.swift in Sources */,
				CD26DAAB200C10D700CDBED8 /* RegisterViewController.swift in Sources */,
				CD26DAA4200C0DE000CDBED8 /* ApiService.swift in Sources */,
				CD26DAB1200C16F100CDBED8 /* EventCell.swift in Sources */,
				CD5921BC1EF289950004B77B /* User.swift in Sources */,
				CDE508B21FF60E45005A91AA /* PrinterService.swift in Sources */,
				CD26DA9C200C0CF500CDBED8 /* ProfileHeaderViewController.swift in Sources */,
			);
			runOnlyForDeploymentPostprocessing = 0;
		};
/* End PBXSourcesBuildPhase section */

/* Begin PBXVariantGroup section */
		CDF3F9991EB08A5C00305DF4 /* LaunchScreen.storyboard */ = {
			isa = PBXVariantGroup;
			children = (
				CDF3F99A1EB08A5C00305DF4 /* Base */,
			);
			name = LaunchScreen.storyboard;
			sourceTree = "<group>";
		};
		CDF3F99B1EB08A5C00305DF4 /* Main.storyboard */ = {
			isa = PBXVariantGroup;
			children = (
				CDF3F99C1EB08A5C00305DF4 /* Base */,
			);
			name = Main.storyboard;
			sourceTree = "<group>";
		};
/* End PBXVariantGroup section */

/* Begin XCBuildConfiguration section */
		CD1D71011EB088BE007C80CE /* Debug */ = {
			isa = XCBuildConfiguration;
			buildSettings = {
				ALWAYS_SEARCH_USER_PATHS = NO;
				CLANG_ANALYZER_NONNULL = YES;
				CLANG_ANALYZER_NUMBER_OBJECT_CONVERSION = YES_AGGRESSIVE;
				CLANG_CXX_LANGUAGE_STANDARD = "gnu++0x";
				CLANG_CXX_LIBRARY = "libc++";
				CLANG_ENABLE_MODULES = YES;
				CLANG_ENABLE_OBJC_ARC = YES;
				CLANG_WARN_BLOCK_CAPTURE_AUTORELEASING = YES;
				CLANG_WARN_BOOL_CONVERSION = YES;
				CLANG_WARN_COMMA = YES;
				CLANG_WARN_CONSTANT_CONVERSION = YES;
				CLANG_WARN_DIRECT_OBJC_ISA_USAGE = YES_ERROR;
				CLANG_WARN_DOCUMENTATION_COMMENTS = YES;
				CLANG_WARN_EMPTY_BODY = YES;
				CLANG_WARN_ENUM_CONVERSION = YES;
				CLANG_WARN_INFINITE_RECURSION = YES;
				CLANG_WARN_INT_CONVERSION = YES;
				CLANG_WARN_NON_LITERAL_NULL_CONVERSION = YES;
				CLANG_WARN_OBJC_LITERAL_CONVERSION = YES;
				CLANG_WARN_OBJC_ROOT_CLASS = YES_ERROR;
				CLANG_WARN_RANGE_LOOP_ANALYSIS = YES;
				CLANG_WARN_STRICT_PROTOTYPES = YES;
				CLANG_WARN_SUSPICIOUS_MOVE = YES;
				CLANG_WARN_UNREACHABLE_CODE = YES;
				CLANG_WARN__DUPLICATE_METHOD_MATCH = YES;
				"CODE_SIGN_IDENTITY[sdk=iphoneos*]" = "iPhone Developer";
				COPY_PHASE_STRIP = NO;
				DEBUG_INFORMATION_FORMAT = dwarf;
				ENABLE_STRICT_OBJC_MSGSEND = YES;
				ENABLE_TESTABILITY = YES;
				GCC_C_LANGUAGE_STANDARD = gnu99;
				GCC_DYNAMIC_NO_PIC = NO;
				GCC_NO_COMMON_BLOCKS = YES;
				GCC_OPTIMIZATION_LEVEL = 0;
				GCC_PREPROCESSOR_DEFINITIONS = (
					"DEBUG=1",
					"$(inherited)",
				);
				GCC_WARN_64_TO_32_BIT_CONVERSION = YES;
				GCC_WARN_ABOUT_RETURN_TYPE = YES_ERROR;
				GCC_WARN_UNDECLARED_SELECTOR = YES;
				GCC_WARN_UNINITIALIZED_AUTOS = YES_AGGRESSIVE;
				GCC_WARN_UNUSED_FUNCTION = YES;
				GCC_WARN_UNUSED_VARIABLE = YES;
				IPHONEOS_DEPLOYMENT_TARGET = 10.3;
				MTL_ENABLE_DEBUG_INFO = YES;
				ONLY_ACTIVE_ARCH = YES;
				SDKROOT = iphoneos;
				SWIFT_ACTIVE_COMPILATION_CONDITIONS = DEBUG;
				SWIFT_OPTIMIZATION_LEVEL = "-Onone";
				TARGETED_DEVICE_FAMILY = "1,2";
			};
			name = Debug;
		};
		CD1D71021EB088BE007C80CE /* Release */ = {
			isa = XCBuildConfiguration;
			buildSettings = {
				ALWAYS_SEARCH_USER_PATHS = NO;
				CLANG_ANALYZER_NONNULL = YES;
				CLANG_ANALYZER_NUMBER_OBJECT_CONVERSION = YES_AGGRESSIVE;
				CLANG_CXX_LANGUAGE_STANDARD = "gnu++0x";
				CLANG_CXX_LIBRARY = "libc++";
				CLANG_ENABLE_MODULES = YES;
				CLANG_ENABLE_OBJC_ARC = YES;
				CLANG_WARN_BLOCK_CAPTURE_AUTORELEASING = YES;
				CLANG_WARN_BOOL_CONVERSION = YES;
				CLANG_WARN_COMMA = YES;
				CLANG_WARN_CONSTANT_CONVERSION = YES;
				CLANG_WARN_DIRECT_OBJC_ISA_USAGE = YES_ERROR;
				CLANG_WARN_DOCUMENTATION_COMMENTS = YES;
				CLANG_WARN_EMPTY_BODY = YES;
				CLANG_WARN_ENUM_CONVERSION = YES;
				CLANG_WARN_INFINITE_RECURSION = YES;
				CLANG_WARN_INT_CONVERSION = YES;
				CLANG_WARN_NON_LITERAL_NULL_CONVERSION = YES;
				CLANG_WARN_OBJC_LITERAL_CONVERSION = YES;
				CLANG_WARN_OBJC_ROOT_CLASS = YES_ERROR;
				CLANG_WARN_RANGE_LOOP_ANALYSIS = YES;
				CLANG_WARN_STRICT_PROTOTYPES = YES;
				CLANG_WARN_SUSPICIOUS_MOVE = YES;
				CLANG_WARN_UNREACHABLE_CODE = YES;
				CLANG_WARN__DUPLICATE_METHOD_MATCH = YES;
				"CODE_SIGN_IDENTITY[sdk=iphoneos*]" = "iPhone Developer";
				COPY_PHASE_STRIP = NO;
				DEBUG_INFORMATION_FORMAT = "dwarf-with-dsym";
				ENABLE_NS_ASSERTIONS = NO;
				ENABLE_STRICT_OBJC_MSGSEND = YES;
				GCC_C_LANGUAGE_STANDARD = gnu99;
				GCC_NO_COMMON_BLOCKS = YES;
				GCC_WARN_64_TO_32_BIT_CONVERSION = YES;
				GCC_WARN_ABOUT_RETURN_TYPE = YES_ERROR;
				GCC_WARN_UNDECLARED_SELECTOR = YES;
				GCC_WARN_UNINITIALIZED_AUTOS = YES_AGGRESSIVE;
				GCC_WARN_UNUSED_FUNCTION = YES;
				GCC_WARN_UNUSED_VARIABLE = YES;
				IPHONEOS_DEPLOYMENT_TARGET = 10.3;
				MTL_ENABLE_DEBUG_INFO = NO;
				SDKROOT = iphoneos;
				SWIFT_OPTIMIZATION_LEVEL = "-Owholemodule";
				TARGETED_DEVICE_FAMILY = "1,2";
				VALIDATE_PRODUCT = YES;
			};
			name = Release;
		};
		CD1D71041EB088BE007C80CE /* Debug */ = {
			isa = XCBuildConfiguration;
			baseConfigurationReference = EC4BF18FAED25E763A1DEC36 /* Pods-CWIC.debug.xcconfig */;
			buildSettings = {
				ASSETCATALOG_COMPILER_APPICON_NAME = AppIcon;
				CLANG_ENABLE_MODULES = YES;
				DEVELOPMENT_TEAM = EFZ729EF85;
				INFOPLIST_FILE = "$(SRCROOT)/Source/Info.plist";
				LD_RUNPATH_SEARCH_PATHS = "$(inherited) @executable_path/Frameworks";
				PRODUCT_BUNDLE_IDENTIFIER = co.siochain.cwic;
				PRODUCT_NAME = "$(TARGET_NAME)";
				SWIFT_OPTIMIZATION_LEVEL = "-Onone";
				SWIFT_SWIFT3_OBJC_INFERENCE = On;
				SWIFT_VERSION = 4.0;
			};
			name = Debug;
		};
		CD1D71051EB088BE007C80CE /* Release */ = {
			isa = XCBuildConfiguration;
			baseConfigurationReference = 3EE6E575080A7D3FAAC06D3F /* Pods-CWIC.release.xcconfig */;
			buildSettings = {
				ASSETCATALOG_COMPILER_APPICON_NAME = AppIcon;
				CLANG_ENABLE_MODULES = YES;
				DEVELOPMENT_TEAM = EFZ729EF85;
				INFOPLIST_FILE = "$(SRCROOT)/Source/Info.plist";
				LD_RUNPATH_SEARCH_PATHS = "$(inherited) @executable_path/Frameworks";
				PRODUCT_BUNDLE_IDENTIFIER = co.siochain.cwic;
				PRODUCT_NAME = "$(TARGET_NAME)";
				SWIFT_SWIFT3_OBJC_INFERENCE = On;
				SWIFT_VERSION = 4.0;
			};
			name = Release;
		};
/* End XCBuildConfiguration section */

/* Begin XCConfigurationList section */
		CD1D70EC1EB088BE007C80CE /* Build configuration list for PBXProject "cwic" */ = {
			isa = XCConfigurationList;
			buildConfigurations = (
				CD1D71011EB088BE007C80CE /* Debug */,
				CD1D71021EB088BE007C80CE /* Release */,
			);
			defaultConfigurationIsVisible = 0;
			defaultConfigurationName = Release;
		};
		CD1D71031EB088BE007C80CE /* Build configuration list for PBXNativeTarget "CWIC" */ = {
			isa = XCConfigurationList;
			buildConfigurations = (
				CD1D71041EB088BE007C80CE /* Debug */,
				CD1D71051EB088BE007C80CE /* Release */,
			);
			defaultConfigurationIsVisible = 0;
			defaultConfigurationName = Release;
		};
/* End XCConfigurationList section */
	};
	rootObject = CD1D70E91EB088BE007C80CE /* Project object */;
}
