// !$*UTF8*$!
{
	archiveVersion = 1;
	classes = {
	};
	objectVersion = 46;
	objects = {

/* Begin PBXBuildFile section */
		15E8E502EC365C345262ECF9 /* Pods_CWIC.framework in Frameworks */ = {isa = PBXBuildFile; fileRef = 4DE1A0DF163321C957951F84 /* Pods_CWIC.framework */; };
		CD0F77071EFA77E20091BD0C /* UIColor.swift in Sources */ = {isa = PBXBuildFile; fileRef = CD0F77061EFA77E20091BD0C /* UIColor.swift */; };
		CD0F770F1EFA78790091BD0C /* Date.swift in Sources */ = {isa = PBXBuildFile; fileRef = CD0F77081EFA78790091BD0C /* Date.swift */; };
		CD0F77101EFA78790091BD0C /* String.swift in Sources */ = {isa = PBXBuildFile; fileRef = CD0F77091EFA78790091BD0C /* String.swift */; };
		CD0F77111EFA78790091BD0C /* UIAlertController.swift in Sources */ = {isa = PBXBuildFile; fileRef = CD0F770A1EFA78790091BD0C /* UIAlertController.swift */; };
		CD0F77121EFA78790091BD0C /* UIImage.swift in Sources */ = {isa = PBXBuildFile; fileRef = CD0F770B1EFA78790091BD0C /* UIImage.swift */; };
		CD0F77151EFA78790091BD0C /* UIViewController.swift in Sources */ = {isa = PBXBuildFile; fileRef = CD0F770E1EFA78790091BD0C /* UIViewController.swift */; };
		CD5921BC1EF289950004B77B /* User.swift in Sources */ = {isa = PBXBuildFile; fileRef = CD5921BB1EF289950004B77B /* User.swift */; };
		CD5921BE1EF295290004B77B /* ProfileViewController.swift in Sources */ = {isa = PBXBuildFile; fileRef = CD5921BD1EF295290004B77B /* ProfileViewController.swift */; };
		CD6725201F0893BE00680250 /* LucidaGrandeRegular.ttf in Resources */ = {isa = PBXBuildFile; fileRef = CD67251F1F0893BE00680250 /* LucidaGrandeRegular.ttf */; };
		CD6725281F08951100680250 /* UIStoryboard.swift in Sources */ = {isa = PBXBuildFile; fileRef = CD6725271F08951100680250 /* UIStoryboard.swift */; };
		CD67252D1F08A7E000680250 /* UITableView.swift in Sources */ = {isa = PBXBuildFile; fileRef = CD67252C1F08A7E000680250 /* UITableView.swift */; };
		CD67252F1F08AD5F00680250 /* Assets.xcassets in Resources */ = {isa = PBXBuildFile; fileRef = CD67252E1F08AD5F00680250 /* Assets.xcassets */; };
		CD6725311F08ADF200680250 /* UINavigationController.swift in Sources */ = {isa = PBXBuildFile; fileRef = CD6725301F08ADF200680250 /* UINavigationController.swift */; };
		CD6FDB1F1EF1D64B00C16CB5 /* SponsorViewController.swift in Sources */ = {isa = PBXBuildFile; fileRef = CD6FDB1E1EF1D64B00C16CB5 /* SponsorViewController.swift */; };
		CD6FDB211EF1D66700C16CB5 /* SponsorListViewController.swift in Sources */ = {isa = PBXBuildFile; fileRef = CD6FDB201EF1D66700C16CB5 /* SponsorListViewController.swift */; };
		CD6FDB231EF1D67E00C16CB5 /* EventListViewController.swift in Sources */ = {isa = PBXBuildFile; fileRef = CD6FDB221EF1D67E00C16CB5 /* EventListViewController.swift */; };
		CD6FDB251EF1D68900C16CB5 /* EventViewController.swift in Sources */ = {isa = PBXBuildFile; fileRef = CD6FDB241EF1D68900C16CB5 /* EventViewController.swift */; };
		CD6FDB291EF1D6A900C16CB5 /* Sponsor.swift in Sources */ = {isa = PBXBuildFile; fileRef = CD6FDB281EF1D6A900C16CB5 /* Sponsor.swift */; };
		CD6FDB2B1EF1D6B400C16CB5 /* Event.swift in Sources */ = {isa = PBXBuildFile; fileRef = CD6FDB2A1EF1D6B400C16CB5 /* Event.swift */; };
		CDF3F9951EB08A5300305DF4 /* AppDelegate.swift in Sources */ = {isa = PBXBuildFile; fileRef = CDF3F9911EB08A5300305DF4 /* AppDelegate.swift */; };
		CDF3F9971EB08A5300305DF4 /* Info.plist in Resources */ = {isa = PBXBuildFile; fileRef = CDF3F9931EB08A5300305DF4 /* Info.plist */; };
		CDF3F99D1EB08A5C00305DF4 /* LaunchScreen.storyboard in Resources */ = {isa = PBXBuildFile; fileRef = CDF3F9991EB08A5C00305DF4 /* LaunchScreen.storyboard */; };
		CDF3F99E1EB08A5C00305DF4 /* Main.storyboard in Resources */ = {isa = PBXBuildFile; fileRef = CDF3F99B1EB08A5C00305DF4 /* Main.storyboard */; };
/* End PBXBuildFile section */

/* Begin PBXFileReference section */
		3EE6E575080A7D3FAAC06D3F /* Pods-CWIC.release.xcconfig */ = {isa = PBXFileReference; includeInIndex = 1; lastKnownFileType = text.xcconfig; name = "Pods-CWIC.release.xcconfig"; path = "Pods/Target Support Files/Pods-CWIC/Pods-CWIC.release.xcconfig"; sourceTree = "<group>"; };
		4DE1A0DF163321C957951F84 /* Pods_CWIC.framework */ = {isa = PBXFileReference; explicitFileType = wrapper.framework; includeInIndex = 0; path = Pods_CWIC.framework; sourceTree = BUILT_PRODUCTS_DIR; };
		CD0F77061EFA77E20091BD0C /* UIColor.swift */ = {isa = PBXFileReference; fileEncoding = 4; lastKnownFileType = sourcecode.swift; name = UIColor.swift; path = Source/UIColor.swift; sourceTree = SOURCE_ROOT; };
		CD0F77081EFA78790091BD0C /* Date.swift */ = {isa = PBXFileReference; fileEncoding = 4; lastKnownFileType = sourcecode.swift; name = Date.swift; path = Source/Date.swift; sourceTree = SOURCE_ROOT; };
		CD0F77091EFA78790091BD0C /* String.swift */ = {isa = PBXFileReference; fileEncoding = 4; lastKnownFileType = sourcecode.swift; name = String.swift; path = Source/String.swift; sourceTree = SOURCE_ROOT; };
		CD0F770A1EFA78790091BD0C /* UIAlertController.swift */ = {isa = PBXFileReference; fileEncoding = 4; lastKnownFileType = sourcecode.swift; name = UIAlertController.swift; path = Source/UIAlertController.swift; sourceTree = SOURCE_ROOT; };
		CD0F770B1EFA78790091BD0C /* UIImage.swift */ = {isa = PBXFileReference; fileEncoding = 4; lastKnownFileType = sourcecode.swift; name = UIImage.swift; path = Source/UIImage.swift; sourceTree = SOURCE_ROOT; };
		CD0F770E1EFA78790091BD0C /* UIViewController.swift */ = {isa = PBXFileReference; fileEncoding = 4; lastKnownFileType = sourcecode.swift; name = UIViewController.swift; path = Source/UIViewController.swift; sourceTree = SOURCE_ROOT; };
		CD1D70F11EB088BE007C80CE /* CWIC.app */ = {isa = PBXFileReference; explicitFileType = wrapper.application; includeInIndex = 0; path = CWIC.app; sourceTree = BUILT_PRODUCTS_DIR; };
		CD5921BB1EF289950004B77B /* User.swift */ = {isa = PBXFileReference; fileEncoding = 4; lastKnownFileType = sourcecode.swift; name = User.swift; path = Source/User.swift; sourceTree = SOURCE_ROOT; };
		CD5921BD1EF295290004B77B /* ProfileViewController.swift */ = {isa = PBXFileReference; fileEncoding = 4; lastKnownFileType = sourcecode.swift; name = ProfileViewController.swift; path = Source/ProfileViewController.swift; sourceTree = SOURCE_ROOT; };
		CD67251F1F0893BE00680250 /* LucidaGrandeRegular.ttf */ = {isa = PBXFileReference; lastKnownFileType = file; name = LucidaGrandeRegular.ttf; path = Source/LucidaGrandeRegular.ttf; sourceTree = SOURCE_ROOT; };
		CD6725271F08951100680250 /* UIStoryboard.swift */ = {isa = PBXFileReference; fileEncoding = 4; lastKnownFileType = sourcecode.swift; name = UIStoryboard.swift; path = Source/UIStoryboard.swift; sourceTree = SOURCE_ROOT; };
		CD67252C1F08A7E000680250 /* UITableView.swift */ = {isa = PBXFileReference; fileEncoding = 4; lastKnownFileType = sourcecode.swift; name = UITableView.swift; path = Source/UITableView.swift; sourceTree = SOURCE_ROOT; };
		CD67252E1F08AD5F00680250 /* Assets.xcassets */ = {isa = PBXFileReference; lastKnownFileType = folder.assetcatalog; name = Assets.xcassets; path = Source/Assets.xcassets; sourceTree = SOURCE_ROOT; };
		CD6725301F08ADF200680250 /* UINavigationController.swift */ = {isa = PBXFileReference; fileEncoding = 4; lastKnownFileType = sourcecode.swift; name = UINavigationController.swift; path = Source/UINavigationController.swift; sourceTree = SOURCE_ROOT; };
		CD6FDB1E1EF1D64B00C16CB5 /* SponsorViewController.swift */ = {isa = PBXFileReference; fileEncoding = 4; lastKnownFileType = sourcecode.swift; name = SponsorViewController.swift; path = Source/SponsorViewController.swift; sourceTree = SOURCE_ROOT; };
		CD6FDB201EF1D66700C16CB5 /* SponsorListViewController.swift */ = {isa = PBXFileReference; fileEncoding = 4; lastKnownFileType = sourcecode.swift; name = SponsorListViewController.swift; path = Source/SponsorListViewController.swift; sourceTree = SOURCE_ROOT; };
		CD6FDB221EF1D67E00C16CB5 /* EventListViewController.swift */ = {isa = PBXFileReference; fileEncoding = 4; lastKnownFileType = sourcecode.swift; name = EventListViewController.swift; path = Source/EventListViewController.swift; sourceTree = SOURCE_ROOT; };
		CD6FDB241EF1D68900C16CB5 /* EventViewController.swift */ = {isa = PBXFileReference; fileEncoding = 4; lastKnownFileType = sourcecode.swift; name = EventViewController.swift; path = Source/EventViewController.swift; sourceTree = SOURCE_ROOT; };
		CD6FDB281EF1D6A900C16CB5 /* Sponsor.swift */ = {isa = PBXFileReference; fileEncoding = 4; lastKnownFileType = sourcecode.swift; name = Sponsor.swift; path = Source/Sponsor.swift; sourceTree = SOURCE_ROOT; };
		CD6FDB2A1EF1D6B400C16CB5 /* Event.swift */ = {isa = PBXFileReference; fileEncoding = 4; lastKnownFileType = sourcecode.swift; name = Event.swift; path = Source/Event.swift; sourceTree = SOURCE_ROOT; };
		CDF3F9911EB08A5300305DF4 /* AppDelegate.swift */ = {isa = PBXFileReference; fileEncoding = 4; lastKnownFileType = sourcecode.swift; name = AppDelegate.swift; path = Source/AppDelegate.swift; sourceTree = SOURCE_ROOT; };
		CDF3F9931EB08A5300305DF4 /* Info.plist */ = {isa = PBXFileReference; fileEncoding = 4; lastKnownFileType = text.plist.xml; name = Info.plist; path = Source/Info.plist; sourceTree = SOURCE_ROOT; };
		CDF3F99A1EB08A5C00305DF4 /* Base */ = {isa = PBXFileReference; lastKnownFileType = file.storyboard; name = Base; path = Source/Base.lproj/LaunchScreen.storyboard; sourceTree = SOURCE_ROOT; };
		CDF3F99C1EB08A5C00305DF4 /* Base */ = {isa = PBXFileReference; lastKnownFileType = file.storyboard; name = Base; path = Source/Base.lproj/Main.storyboard; sourceTree = SOURCE_ROOT; };
		EC4BF18FAED25E763A1DEC36 /* Pods-CWIC.debug.xcconfig */ = {isa = PBXFileReference; includeInIndex = 1; lastKnownFileType = text.xcconfig; name = "Pods-CWIC.debug.xcconfig"; path = "Pods/Target Support Files/Pods-CWIC/Pods-CWIC.debug.xcconfig"; sourceTree = "<group>"; };
/* End PBXFileReference section */

/* Begin PBXFrameworksBuildPhase section */
		CD1D70EE1EB088BE007C80CE /* Frameworks */ = {
			isa = PBXFrameworksBuildPhase;
			buildActionMask = 2147483647;
			files = (
				15E8E502EC365C345262ECF9 /* Pods_CWIC.framework in Frameworks */,
			);
			runOnlyForDeploymentPostprocessing = 0;
		};
/* End PBXFrameworksBuildPhase section */

/* Begin PBXGroup section */
		0EC4444F072D83B7B62C6B1A /* Pods */ = {
			isa = PBXGroup;
			children = (
				EC4BF18FAED25E763A1DEC36 /* Pods-CWIC.debug.xcconfig */,
				3EE6E575080A7D3FAAC06D3F /* Pods-CWIC.release.xcconfig */,
			);
			name = Pods;
			sourceTree = "<group>";
		};
		45A03D098B4A98069DECD4E5 /* Frameworks */ = {
			isa = PBXGroup;
			children = (
				4DE1A0DF163321C957951F84 /* Pods_CWIC.framework */,
			);
			name = Frameworks;
			sourceTree = "<group>";
		};
		CD0F77031EFA77AE0091BD0C /* Extension */ = {
			isa = PBXGroup;
			children = (
				CD0F77081EFA78790091BD0C /* Date.swift */,
				CD0F77091EFA78790091BD0C /* String.swift */,
				CD0F770A1EFA78790091BD0C /* UIAlertController.swift */,
				CD0F770B1EFA78790091BD0C /* UIImage.swift */,
				CD0F770E1EFA78790091BD0C /* UIViewController.swift */,
				CD0F77061EFA77E20091BD0C /* UIColor.swift */,
				CD6725271F08951100680250 /* UIStoryboard.swift */,
				CD67252C1F08A7E000680250 /* UITableView.swift */,
				CD6725301F08ADF200680250 /* UINavigationController.swift */,
			);
			name = Extension;
			sourceTree = "<group>";
		};
		CD1D70E81EB088BE007C80CE = {
			isa = PBXGroup;
			children = (
				CD1D70F31EB088BE007C80CE /* Source */,
				CD67252B1F08972100680250 /* Supporting Files */,
				CD1D70F21EB088BE007C80CE /* Products */,
				0EC4444F072D83B7B62C6B1A /* Pods */,
				45A03D098B4A98069DECD4E5 /* Frameworks */,
			);
			sourceTree = "<group>";
		};
		CD1D70F21EB088BE007C80CE /* Products */ = {
			isa = PBXGroup;
			children = (
				CD1D70F11EB088BE007C80CE /* CWIC.app */,
			);
			name = Products;
			sourceTree = "<group>";
		};
		CD1D70F31EB088BE007C80CE /* Source */ = {
			isa = PBXGroup;
			children = (
				CDF3F9911EB08A5300305DF4 /* AppDelegate.swift */,
				CD5921B81EF2894C0004B77B /* Account */,
				CD6FDB181EF1D21D00C16CB5 /* Event */,
				CD6FDB191EF1D23000C16CB5 /* Sponsor */,
				CD0F77031EFA77AE0091BD0C /* Extension */,
			);
			name = Source;
			path = CWIC;
			sourceTree = "<group>";
		};
		CD5921B81EF2894C0004B77B /* Account */ = {
			isa = PBXGroup;
			children = (
				CD5921BB1EF289950004B77B /* User.swift */,
				CD5921BD1EF295290004B77B /* ProfileViewController.swift */,
			);
			name = Account;
			sourceTree = "<group>";
		};
		CD67252B1F08972100680250 /* Supporting Files */ = {
			isa = PBXGroup;
			children = (
				CD67252E1F08AD5F00680250 /* Assets.xcassets */,
				CD67251F1F0893BE00680250 /* LucidaGrandeRegular.ttf */,
				CDF3F9991EB08A5C00305DF4 /* LaunchScreen.storyboard */,
				CDF3F99B1EB08A5C00305DF4 /* Main.storyboard */,
				CDF3F9931EB08A5300305DF4 /* Info.plist */,
			);
			name = "Supporting Files";
			path = CWIC;
			sourceTree = "<group>";
		};
		CD6FDB181EF1D21D00C16CB5 /* Event */ = {
			isa = PBXGroup;
			children = (
				CD6FDB2A1EF1D6B400C16CB5 /* Event.swift */,
				CD6FDB221EF1D67E00C16CB5 /* EventListViewController.swift */,
				CD6FDB241EF1D68900C16CB5 /* EventViewController.swift */,
			);
			name = Event;
			sourceTree = "<group>";
		};
		CD6FDB191EF1D23000C16CB5 /* Sponsor */ = {
			isa = PBXGroup;
			children = (
				CD6FDB281EF1D6A900C16CB5 /* Sponsor.swift */,
				CD6FDB201EF1D66700C16CB5 /* SponsorListViewController.swift */,
				CD6FDB1E1EF1D64B00C16CB5 /* SponsorViewController.swift */,
			);
			name = Sponsor;
			sourceTree = "<group>";
		};
/* End PBXGroup section */

/* Begin PBXNativeTarget section */
		CD1D70F01EB088BE007C80CE /* CWIC */ = {
			isa = PBXNativeTarget;
			buildConfigurationList = CD1D71031EB088BE007C80CE /* Build configuration list for PBXNativeTarget "CWIC" */;
			buildPhases = (
				D2B15F7906025BDF2C5C1A1A /* [CP] Check Pods Manifest.lock */,
				CD1D70ED1EB088BE007C80CE /* Sources */,
				CD1D70EE1EB088BE007C80CE /* Frameworks */,
				CD1D70EF1EB088BE007C80CE /* Resources */,
				978C9B183943C0B76431F80B /* [CP] Embed Pods Frameworks */,
				D0873BF8AA4846E17B442F28 /* [CP] Copy Pods Resources */,
			);
			buildRules = (
			);
			dependencies = (
			);
			name = CWIC;
			productName = CWIC;
			productReference = CD1D70F11EB088BE007C80CE /* CWIC.app */;
			productType = "com.apple.product-type.application";
		};
/* End PBXNativeTarget section */

/* Begin PBXProject section */
		CD1D70E91EB088BE007C80CE /* Project object */ = {
			isa = PBXProject;
			attributes = {
				LastSwiftUpdateCheck = 0830;
				LastUpgradeCheck = 0830;
				ORGANIZATIONNAME = "Síocháin Solutions";
				TargetAttributes = {
					CD1D70F01EB088BE007C80CE = {
						CreatedOnToolsVersion = 8.3.2;
						DevelopmentTeam = EFZ729EF85;
						LastSwiftMigration = 0830;
						ProvisioningStyle = Automatic;
					};
				};
			};
			buildConfigurationList = CD1D70EC1EB088BE007C80CE /* Build configuration list for PBXProject "cwic" */;
			compatibilityVersion = "Xcode 3.2";
			developmentRegion = English;
			hasScannedForEncodings = 0;
			knownRegions = (
				en,
				Base,
			);
			mainGroup = CD1D70E81EB088BE007C80CE;
			productRefGroup = CD1D70F21EB088BE007C80CE /* Products */;
			projectDirPath = "";
			projectRoot = "";
			targets = (
				CD1D70F01EB088BE007C80CE /* CWIC */,
			);
		};
/* End PBXProject section */

/* Begin PBXResourcesBuildPhase section */
		CD1D70EF1EB088BE007C80CE /* Resources */ = {
			isa = PBXResourcesBuildPhase;
			buildActionMask = 2147483647;
			files = (
				CDF3F99D1EB08A5C00305DF4 /* LaunchScreen.storyboard in Resources */,
				CDF3F9971EB08A5300305DF4 /* Info.plist in Resources */,
				CD6725201F0893BE00680250 /* LucidaGrandeRegular.ttf in Resources */,
				CDF3F99E1EB08A5C00305DF4 /* Main.storyboard in Resources */,
				CD67252F1F08AD5F00680250 /* Assets.xcassets in Resources */,
			);
			runOnlyForDeploymentPostprocessing = 0;
		};
/* End PBXResourcesBuildPhase section */

/* Begin PBXShellScriptBuildPhase section */
		978C9B183943C0B76431F80B /* [CP] Embed Pods Frameworks */ = {
			isa = PBXShellScriptBuildPhase;
			buildActionMask = 2147483647;
			files = (
			);
			inputPaths = (
			);
			name = "[CP] Embed Pods Frameworks";
			outputPaths = (
			);
			runOnlyForDeploymentPostprocessing = 0;
			shellPath = /bin/sh;
			shellScript = "\"${SRCROOT}/Pods/Target Support Files/Pods-CWIC/Pods-CWIC-frameworks.sh\"\n";
			showEnvVarsInLog = 0;
		};
		D0873BF8AA4846E17B442F28 /* [CP] Copy Pods Resources */ = {
			isa = PBXShellScriptBuildPhase;
			buildActionMask = 2147483647;
			files = (
			);
			inputPaths = (
			);
			name = "[CP] Copy Pods Resources";
			outputPaths = (
			);
			runOnlyForDeploymentPostprocessing = 0;
			shellPath = /bin/sh;
			shellScript = "\"${SRCROOT}/Pods/Target Support Files/Pods-CWIC/Pods-CWIC-resources.sh\"\n";
			showEnvVarsInLog = 0;
		};
		D2B15F7906025BDF2C5C1A1A /* [CP] Check Pods Manifest.lock */ = {
			isa = PBXShellScriptBuildPhase;
			buildActionMask = 2147483647;
			files = (
			);
			inputPaths = (
			);
			name = "[CP] Check Pods Manifest.lock";
			outputPaths = (
			);
			runOnlyForDeploymentPostprocessing = 0;
			shellPath = /bin/sh;
			shellScript = "diff \"${PODS_PODFILE_DIR_PATH}/Podfile.lock\" \"${PODS_ROOT}/Manifest.lock\" > /dev/null\nif [ $? != 0 ] ; then\n    # print error to STDERR\n    echo \"error: The sandbox is not in sync with the Podfile.lock. Run 'pod install' or update your CocoaPods installation.\" >&2\n    exit 1\nfi\n";
			showEnvVarsInLog = 0;
		};
/* End PBXShellScriptBuildPhase section */

/* Begin PBXSourcesBuildPhase section */
		CD1D70ED1EB088BE007C80CE /* Sources */ = {
			isa = PBXSourcesBuildPhase;
			buildActionMask = 2147483647;
			files = (
				CD0F77101EFA78790091BD0C /* String.swift in Sources */,
				CD6FDB211EF1D66700C16CB5 /* SponsorListViewController.swift in Sources */,
				CD6FDB2B1EF1D6B400C16CB5 /* Event.swift in Sources */,
				CD0F77111EFA78790091BD0C /* UIAlertController.swift in Sources */,
				CD6FDB1F1EF1D64B00C16CB5 /* SponsorViewController.swift in Sources */,
				CD0F77121EFA78790091BD0C /* UIImage.swift in Sources */,
				CD6FDB291EF1D6A900C16CB5 /* Sponsor.swift in Sources */,
				CD0F77071EFA77E20091BD0C /* UIColor.swift in Sources */,
				CD6725281F08951100680250 /* UIStoryboard.swift in Sources */,
				CD67252D1F08A7E000680250 /* UITableView.swift in Sources */,
				CD0F770F1EFA78790091BD0C /* Date.swift in Sources */,
				CD5921BE1EF295290004B77B /* ProfileViewController.swift in Sources */,
				CD0F77151EFA78790091BD0C /* UIViewController.swift in Sources */,
				CD6725311F08ADF200680250 /* UINavigationController.swift in Sources */,
				CDF3F9951EB08A5300305DF4 /* AppDelegate.swift in Sources */,
				CD6FDB231EF1D67E00C16CB5 /* EventListViewController.swift in Sources */,
				CD5921BC1EF289950004B77B /* User.swift in Sources */,
				CD6FDB251EF1D68900C16CB5 /* EventViewController.swift in Sources */,
			);
			runOnlyForDeploymentPostprocessing = 0;
		};
/* End PBXSourcesBuildPhase section */

/* Begin PBXVariantGroup section */
		CDF3F9991EB08A5C00305DF4 /* LaunchScreen.storyboard */ = {
			isa = PBXVariantGroup;
			children = (
				CDF3F99A1EB08A5C00305DF4 /* Base */,
			);
			name = LaunchScreen.storyboard;
			sourceTree = "<group>";
		};
		CDF3F99B1EB08A5C00305DF4 /* Main.storyboard */ = {
			isa = PBXVariantGroup;
			children = (
				CDF3F99C1EB08A5C00305DF4 /* Base */,
			);
			name = Main.storyboard;
			sourceTree = "<group>";
		};
/* End PBXVariantGroup section */

/* Begin XCBuildConfiguration section */
		CD1D71011EB088BE007C80CE /* Debug */ = {
			isa = XCBuildConfiguration;
			buildSettings = {
				ALWAYS_SEARCH_USER_PATHS = NO;
				CLANG_ANALYZER_NONNULL = YES;
				CLANG_ANALYZER_NUMBER_OBJECT_CONVERSION = YES_AGGRESSIVE;
				CLANG_CXX_LANGUAGE_STANDARD = "gnu++0x";
				CLANG_CXX_LIBRARY = "libc++";
				CLANG_ENABLE_MODULES = YES;
				CLANG_ENABLE_OBJC_ARC = YES;
				CLANG_WARN_BOOL_CONVERSION = YES;
				CLANG_WARN_CONSTANT_CONVERSION = YES;
				CLANG_WARN_DIRECT_OBJC_ISA_USAGE = YES_ERROR;
				CLANG_WARN_DOCUMENTATION_COMMENTS = YES;
				CLANG_WARN_EMPTY_BODY = YES;
				CLANG_WARN_ENUM_CONVERSION = YES;
				CLANG_WARN_INFINITE_RECURSION = YES;
				CLANG_WARN_INT_CONVERSION = YES;
				CLANG_WARN_OBJC_ROOT_CLASS = YES_ERROR;
				CLANG_WARN_SUSPICIOUS_MOVE = YES;
				CLANG_WARN_UNREACHABLE_CODE = YES;
				CLANG_WARN__DUPLICATE_METHOD_MATCH = YES;
				"CODE_SIGN_IDENTITY[sdk=iphoneos*]" = "iPhone Developer";
				COPY_PHASE_STRIP = NO;
				DEBUG_INFORMATION_FORMAT = dwarf;
				ENABLE_STRICT_OBJC_MSGSEND = YES;
				ENABLE_TESTABILITY = YES;
				GCC_C_LANGUAGE_STANDARD = gnu99;
				GCC_DYNAMIC_NO_PIC = NO;
				GCC_NO_COMMON_BLOCKS = YES;
				GCC_OPTIMIZATION_LEVEL = 0;
				GCC_PREPROCESSOR_DEFINITIONS = (
					"DEBUG=1",
					"$(inherited)",
				);
				GCC_WARN_64_TO_32_BIT_CONVERSION = YES;
				GCC_WARN_ABOUT_RETURN_TYPE = YES_ERROR;
				GCC_WARN_UNDECLARED_SELECTOR = YES;
				GCC_WARN_UNINITIALIZED_AUTOS = YES_AGGRESSIVE;
				GCC_WARN_UNUSED_FUNCTION = YES;
				GCC_WARN_UNUSED_VARIABLE = YES;
				IPHONEOS_DEPLOYMENT_TARGET = 9.0;
				MTL_ENABLE_DEBUG_INFO = YES;
				ONLY_ACTIVE_ARCH = YES;
				SDKROOT = iphoneos;
				SWIFT_ACTIVE_COMPILATION_CONDITIONS = DEBUG;
				SWIFT_OPTIMIZATION_LEVEL = "-Onone";
				TARGETED_DEVICE_FAMILY = "1,2";
			};
			name = Debug;
		};
		CD1D71021EB088BE007C80CE /* Release */ = {
			isa = XCBuildConfiguration;
			buildSettings = {
				ALWAYS_SEARCH_USER_PATHS = NO;
				CLANG_ANALYZER_NONNULL = YES;
				CLANG_ANALYZER_NUMBER_OBJECT_CONVERSION = YES_AGGRESSIVE;
				CLANG_CXX_LANGUAGE_STANDARD = "gnu++0x";
				CLANG_CXX_LIBRARY = "libc++";
				CLANG_ENABLE_MODULES = YES;
				CLANG_ENABLE_OBJC_ARC = YES;
				CLANG_WARN_BOOL_CONVERSION = YES;
				CLANG_WARN_CONSTANT_CONVERSION = YES;
				CLANG_WARN_DIRECT_OBJC_ISA_USAGE = YES_ERROR;
				CLANG_WARN_DOCUMENTATION_COMMENTS = YES;
				CLANG_WARN_EMPTY_BODY = YES;
				CLANG_WARN_ENUM_CONVERSION = YES;
				CLANG_WARN_INFINITE_RECURSION = YES;
				CLANG_WARN_INT_CONVERSION = YES;
				CLANG_WARN_OBJC_ROOT_CLASS = YES_ERROR;
				CLANG_WARN_SUSPICIOUS_MOVE = YES;
				CLANG_WARN_UNREACHABLE_CODE = YES;
				CLANG_WARN__DUPLICATE_METHOD_MATCH = YES;
				"CODE_SIGN_IDENTITY[sdk=iphoneos*]" = "iPhone Developer";
				COPY_PHASE_STRIP = NO;
				DEBUG_INFORMATION_FORMAT = "dwarf-with-dsym";
				ENABLE_NS_ASSERTIONS = NO;
				ENABLE_STRICT_OBJC_MSGSEND = YES;
				GCC_C_LANGUAGE_STANDARD = gnu99;
				GCC_NO_COMMON_BLOCKS = YES;
				GCC_WARN_64_TO_32_BIT_CONVERSION = YES;
				GCC_WARN_ABOUT_RETURN_TYPE = YES_ERROR;
				GCC_WARN_UNDECLARED_SELECTOR = YES;
				GCC_WARN_UNINITIALIZED_AUTOS = YES_AGGRESSIVE;
				GCC_WARN_UNUSED_FUNCTION = YES;
				GCC_WARN_UNUSED_VARIABLE = YES;
				IPHONEOS_DEPLOYMENT_TARGET = 9.0;
				MTL_ENABLE_DEBUG_INFO = NO;
				SDKROOT = iphoneos;
				SWIFT_OPTIMIZATION_LEVEL = "-Owholemodule";
				TARGETED_DEVICE_FAMILY = "1,2";
				VALIDATE_PRODUCT = YES;
			};
			name = Release;
		};
		CD1D71041EB088BE007C80CE /* Debug */ = {
			isa = XCBuildConfiguration;
			baseConfigurationReference = EC4BF18FAED25E763A1DEC36 /* Pods-CWIC.debug.xcconfig */;
			buildSettings = {
				ASSETCATALOG_COMPILER_APPICON_NAME = AppIcon;
				CLANG_ENABLE_MODULES = YES;
				DEVELOPMENT_TEAM = EFZ729EF85;
				INFOPLIST_FILE = "$(SRCROOT)/Source/Info.plist";
				LD_RUNPATH_SEARCH_PATHS = "$(inherited) @executable_path/Frameworks";
				PRODUCT_BUNDLE_IDENTIFIER = co.siochain.CWIC;
				PRODUCT_NAME = "$(TARGET_NAME)";
				SWIFT_OPTIMIZATION_LEVEL = "-Onone";
				SWIFT_VERSION = 3.0;
			};
			name = Debug;
		};
		CD1D71051EB088BE007C80CE /* Release */ = {
			isa = XCBuildConfiguration;
			baseConfigurationReference = 3EE6E575080A7D3FAAC06D3F /* Pods-CWIC.release.xcconfig */;
			buildSettings = {
				ASSETCATALOG_COMPILER_APPICON_NAME = AppIcon;
				CLANG_ENABLE_MODULES = YES;
				DEVELOPMENT_TEAM = EFZ729EF85;
				INFOPLIST_FILE = "$(SRCROOT)/Source/Info.plist";
				LD_RUNPATH_SEARCH_PATHS = "$(inherited) @executable_path/Frameworks";
				PRODUCT_BUNDLE_IDENTIFIER = co.siochain.CWIC;
				PRODUCT_NAME = "$(TARGET_NAME)";
				SWIFT_VERSION = 3.0;
			};
			name = Release;
		};
/* End XCBuildConfiguration section */

/* Begin XCConfigurationList section */
		CD1D70EC1EB088BE007C80CE /* Build configuration list for PBXProject "cwic" */ = {
			isa = XCConfigurationList;
			buildConfigurations = (
				CD1D71011EB088BE007C80CE /* Debug */,
				CD1D71021EB088BE007C80CE /* Release */,
			);
			defaultConfigurationIsVisible = 0;
			defaultConfigurationName = Release;
		};
		CD1D71031EB088BE007C80CE /* Build configuration list for PBXNativeTarget "CWIC" */ = {
			isa = XCConfigurationList;
			buildConfigurations = (
				CD1D71041EB088BE007C80CE /* Debug */,
				CD1D71051EB088BE007C80CE /* Release */,
			);
			defaultConfigurationIsVisible = 0;
			defaultConfigurationName = Release;
		};
/* End XCConfigurationList section */
	};
	rootObject = CD1D70E91EB088BE007C80CE /* Project object */;
}
